
Microsoft Visual Studio Solution File, Format Version 12.00
# Visual Studio Version 16
VisualStudioVersion = 16.0.31605.320
MinimumVisualStudioVersion = 10.0.40219.1
Project("{FAE04EC0-301F-11D3-BF4B-00C04F79EFBC}") = "ConsultaLlamadas", "ConsultaLlamadas\ConsultaLlamadas.csproj", "{856DD241-39CB-4708-8855-C888F88A0C19}"
EndProject
Global
	GlobalSection(SolutionConfigurationPlatforms) = preSolution
		Debug|Any CPU = Debug|Any CPU
		Release|Any CPU = Release|Any CPU
	EndGlobalSection
	GlobalSection(ProjectConfigurationPlatforms) = postSolution
		{856DD241-39CB-4708-8855-C888F88A0C19}.Debug|Any CPU.ActiveCfg = Debug|Any CPU
		{856DD241-39CB-4708-8855-C888F88A0C19}.Debug|Any CPU.Build.0 = Debug|Any CPU
		{856DD241-39CB-4708-8855-C888F88A0C19}.Release|Any CPU.ActiveCfg = Release|Any CPU
		{856DD241-39CB-4708-8855-C888F88A0C19}.Release|Any CPU.Build.0 = Release|Any CPU
	EndGlobalSection
	GlobalSection(SolutionProperties) = preSolution
		HideSolutionNode = FALSE
	EndGlobalSection
	GlobalSection(ExtensibilityGlobals) = postSolution
		SolutionGuid = {C1ED60FC-4E51-472C-872E-7ED502CD1C34}
	EndGlobalSection
EndGlobal
